
Microsoft Visual Studio Solution File, Format Version 12.00
# Visual Studio Version 16
VisualStudioVersion = 16.0.30413.136
MinimumVisualStudioVersion = 10.0.40219.1
Project("{FAE04EC0-301F-11D3-BF4B-00C04F79EFBC}") = "FinalizarPreparacionPedido", "FinalizarPreparacionPedido\FinalizarPreparacionPedido.csproj", "{70211254-EFB3-475A-AE2B-FFA4980B10B5}"
EndProject
Global
	GlobalSection(SolutionConfigurationPlatforms) = preSolution
		Debug|Any CPU = Debug|Any CPU
		Release|Any CPU = Release|Any CPU
	EndGlobalSection
	GlobalSection(ProjectConfigurationPlatforms) = postSolution
		{70211254-EFB3-475A-AE2B-FFA4980B10B5}.Debug|Any CPU.ActiveCfg = Debug|Any CPU
		{70211254-EFB3-475A-AE2B-FFA4980B10B5}.Debug|Any CPU.Build.0 = Debug|Any CPU
		{70211254-EFB3-475A-AE2B-FFA4980B10B5}.Release|Any CPU.ActiveCfg = Release|Any CPU
		{70211254-EFB3-475A-AE2B-FFA4980B10B5}.Release|Any CPU.Build.0 = Release|Any CPU
	EndGlobalSection
	GlobalSection(SolutionProperties) = preSolution
		HideSolutionNode = FALSE
	EndGlobalSection
	GlobalSection(ExtensibilityGlobals) = postSolution
		SolutionGuid = {4896026F-D8B8-4922-B361-BD7818064DCB}
	EndGlobalSection
EndGlobal
